
Microsoft Visual Studio Solution File, Format Version 12.00
# Visual Studio 15
VisualStudioVersion = 15.0.26124.0
MinimumVisualStudioVersion = 15.0.26124.0
Project("{9A19103F-16F7-4668-BE54-9A1E7A4F7556}") = "R5T.T0010.Construction", "R5T.T0010.Construction\R5T.T0010.Construction.csproj", "{4A93804A-D467-431D-9885-F5ECEFDAADBA}"
EndProject
Project("{9A19103F-16F7-4668-BE54-9A1E7A4F7556}") = "R5T.T0010", "R5T.T0010\R5T.T0010.csproj", "{F10BDCC7-A320-434D-9176-2F0C1FC05909}"
EndProject
Project("{2150E333-8FDC-42A3-9474-1A3956D46DE8}") = "_Dependencies", "_Dependencies", "{1141F462-FD84-4E08-BB4E-3E5D8AAA8EB1}"
EndProject
Project("{9A19103F-16F7-4668-BE54-9A1E7A4F7556}") = "R5T.Stagira", "..\..\R5T.Stagira\source\R5T.Stagira\R5T.Stagira.csproj", "{1916813C-AA29-477C-8425-EDE5C4F33127}"
EndProject
Global
	GlobalSection(SolutionConfigurationPlatforms) = preSolution
		Debug|Any CPU = Debug|Any CPU
		Debug|x64 = Debug|x64
		Debug|x86 = Debug|x86
		Release|Any CPU = Release|Any CPU
		Release|x64 = Release|x64
		Release|x86 = Release|x86
	EndGlobalSection
	GlobalSection(ProjectConfigurationPlatforms) = postSolution
		{4A93804A-D467-431D-9885-F5ECEFDAADBA}.Debug|Any CPU.ActiveCfg = Debug|Any CPU
		{4A93804A-D467-431D-9885-F5ECEFDAADBA}.Debug|Any CPU.Build.0 = Debug|Any CPU
		{4A93804A-D467-431D-9885-F5ECEFDAADBA}.Debug|x64.ActiveCfg = Debug|Any CPU
		{4A93804A-D467-431D-9885-F5ECEFDAADBA}.Debug|x64.Build.0 = Debug|Any CPU
		{4A93804A-D467-431D-9885-F5ECEFDAADBA}.Debug|x86.ActiveCfg = Debug|Any CPU
		{4A93804A-D467-431D-9885-F5ECEFDAADBA}.Debug|x86.Build.0 = Debug|Any CPU
		{4A93804A-D467-431D-9885-F5ECEFDAADBA}.Release|Any CPU.ActiveCfg = Release|Any CPU
		{4A93804A-D467-431D-9885-F5ECEFDAADBA}.Release|Any CPU.Build.0 = Release|Any CPU
		{4A93804A-D467-431D-9885-F5ECEFDAADBA}.Release|x64.ActiveCfg = Release|Any CPU
		{4A93804A-D467-431D-9885-F5ECEFDAADBA}.Release|x64.Build.0 = Release|Any CPU
		{4A93804A-D467-431D-9885-F5ECEFDAADBA}.Release|x86.ActiveCfg = Release|Any CPU
		{4A93804A-D467-431D-9885-F5ECEFDAADBA}.Release|x86.Build.0 = Release|Any CPU
		{F10BDCC7-A320-434D-9176-2F0C1FC05909}.Debug|Any CPU.ActiveCfg = Debug|Any CPU
		{F10BDCC7-A320-434D-9176-2F0C1FC05909}.Debug|Any CPU.Build.0 = Debug|Any CPU
		{F10BDCC7-A320-434D-9176-2F0C1FC05909}.Debug|x64.ActiveCfg = Debug|Any CPU
		{F10BDCC7-A320-434D-9176-2F0C1FC05909}.Debug|x64.Build.0 = Debug|Any CPU
		{F10BDCC7-A320-434D-9176-2F0C1FC05909}.Debug|x86.ActiveCfg = Debug|Any CPU
		{F10BDCC7-A320-434D-9176-2F0C1FC05909}.Debug|x86.Build.0 = Debug|Any CPU
		{F10BDCC7-A320-434D-9176-2F0C1FC05909}.Release|Any CPU.ActiveCfg = Release|Any CPU
		{F10BDCC7-A320-434D-9176-2F0C1FC05909}.Release|Any CPU.Build.0 = Release|Any CPU
		{F10BDCC7-A320-434D-9176-2F0C1FC05909}.Release|x64.ActiveCfg = Release|Any CPU
		{F10BDCC7-A320-434D-9176-2F0C1FC05909}.Release|x64.Build.0 = Release|Any CPU
		{F10BDCC7-A320-434D-9176-2F0C1FC05909}.Release|x86.ActiveCfg = Release|Any CPU
		{F10BDCC7-A320-434D-9176-2F0C1FC05909}.Release|x86.Build.0 = Release|Any CPU
		{1916813C-AA29-477C-8425-EDE5C4F33127}.Debug|Any CPU.ActiveCfg = Debug|Any CPU
		{1916813C-AA29-477C-8425-EDE5C4F33127}.Debug|Any CPU.Build.0 = Debug|Any CPU
		{1916813C-AA29-477C-8425-EDE5C4F33127}.Debug|x64.ActiveCfg = Debug|Any CPU
		{1916813C-AA29-477C-8425-EDE5C4F33127}.Debug|x64.Build.0 = Debug|Any CPU
		{1916813C-AA29-477C-8425-EDE5C4F33127}.Debug|x86.ActiveCfg = Debug|Any CPU
		{1916813C-AA29-477C-8425-EDE5C4F33127}.Debug|x86.Build.0 = Debug|Any CPU
		{1916813C-AA29-477C-8425-EDE5C4F33127}.Release|Any CPU.ActiveCfg = Release|Any CPU
		{1916813C-AA29-477C-8425-EDE5C4F33127}.Release|Any CPU.Build.0 = Release|Any CPU
		{1916813C-AA29-477C-8425-EDE5C4F33127}.Release|x64.ActiveCfg = Release|Any CPU
		{1916813C-AA29-477C-8425-EDE5C4F33127}.Release|x64.Build.0 = Release|Any CPU
		{1916813C-AA29-477C-8425-EDE5C4F33127}.Release|x86.ActiveCfg = Release|Any CPU
		{1916813C-AA29-477C-8425-EDE5C4F33127}.Release|x86.Build.0 = Release|Any CPU
	EndGlobalSection
	GlobalSection(SolutionProperties) = preSolution
		HideSolutionNode = FALSE
	EndGlobalSection
	GlobalSection(NestedProjects) = preSolution
		{1916813C-AA29-477C-8425-EDE5C4F33127} = {1141F462-FD84-4E08-BB4E-3E5D8AAA8EB1}
	EndGlobalSection
	GlobalSection(ExtensibilityGlobals) = postSolution
		SolutionGuid = {B076D798-C245-4A91-A500-6171DC74F8F4}
	EndGlobalSection
EndGlobal
