
Microsoft Visual Studio Solution File, Format Version 12.00
# Visual Studio 15
VisualStudioVersion = 15.0.26124.0
MinimumVisualStudioVersion = 15.0.26124.0
Project("{FAE04EC0-301F-11D3-BF4B-00C04F79EFBC}") = "R5T.T0010.Construction", "R5T.T0010.Construction\R5T.T0010.Construction.csproj", "{4A93804A-D467-431D-9885-F5ECEFDAADBA}"
EndProject
Project("{FAE04EC0-301F-11D3-BF4B-00C04F79EFBC}") = "R5T.T0010", "R5T.T0010\R5T.T0010.csproj", "{F10BDCC7-A320-434D-9176-2F0C1FC05909}"
EndProject
Global
	GlobalSection(SolutionConfigurationPlatforms) = preSolution
		Debug|Any CPU = Debug|Any CPU
		Debug|x64 = Debug|x64
		Debug|x86 = Debug|x86
		Release|Any CPU = Release|Any CPU
		Release|x64 = Release|x64
		Release|x86 = Release|x86
	EndGlobalSection
	GlobalSection(SolutionProperties) = preSolution
		HideSolutionNode = FALSE
	EndGlobalSection
	GlobalSection(ProjectConfigurationPlatforms) = postSolution
		{4A93804A-D467-431D-9885-F5ECEFDAADBA}.Debug|Any CPU.ActiveCfg = Debug|Any CPU
		{4A93804A-D467-431D-9885-F5ECEFDAADBA}.Debug|Any CPU.Build.0 = Debug|Any CPU
		{4A93804A-D467-431D-9885-F5ECEFDAADBA}.Debug|x64.ActiveCfg = Debug|Any CPU
		{4A93804A-D467-431D-9885-F5ECEFDAADBA}.Debug|x64.Build.0 = Debug|Any CPU
		{4A93804A-D467-431D-9885-F5ECEFDAADBA}.Debug|x86.ActiveCfg = Debug|Any CPU
		{4A93804A-D467-431D-9885-F5ECEFDAADBA}.Debug|x86.Build.0 = Debug|Any CPU
		{4A93804A-D467-431D-9885-F5ECEFDAADBA}.Release|Any CPU.ActiveCfg = Release|Any CPU
		{4A93804A-D467-431D-9885-F5ECEFDAADBA}.Release|Any CPU.Build.0 = Release|Any CPU
		{4A93804A-D467-431D-9885-F5ECEFDAADBA}.Release|x64.ActiveCfg = Release|Any CPU
		{4A93804A-D467-431D-9885-F5ECEFDAADBA}.Release|x64.Build.0 = Release|Any CPU
		{4A93804A-D467-431D-9885-F5ECEFDAADBA}.Release|x86.ActiveCfg = Release|Any CPU
		{4A93804A-D467-431D-9885-F5ECEFDAADBA}.Release|x86.Build.0 = Release|Any CPU
		{F10BDCC7-A320-434D-9176-2F0C1FC05909}.Debug|Any CPU.ActiveCfg = Debug|Any CPU
		{F10BDCC7-A320-434D-9176-2F0C1FC05909}.Debug|Any CPU.Build.0 = Debug|Any CPU
		{F10BDCC7-A320-434D-9176-2F0C1FC05909}.Debug|x64.ActiveCfg = Debug|Any CPU
		{F10BDCC7-A320-434D-9176-2F0C1FC05909}.Debug|x64.Build.0 = Debug|Any CPU
		{F10BDCC7-A320-434D-9176-2F0C1FC05909}.Debug|x86.ActiveCfg = Debug|Any CPU
		{F10BDCC7-A320-434D-9176-2F0C1FC05909}.Debug|x86.Build.0 = Debug|Any CPU
		{F10BDCC7-A320-434D-9176-2F0C1FC05909}.Release|Any CPU.ActiveCfg = Release|Any CPU
		{F10BDCC7-A320-434D-9176-2F0C1FC05909}.Release|Any CPU.Build.0 = Release|Any CPU
		{F10BDCC7-A320-434D-9176-2F0C1FC05909}.Release|x64.ActiveCfg = Release|Any CPU
		{F10BDCC7-A320-434D-9176-2F0C1FC05909}.Release|x64.Build.0 = Release|Any CPU
		{F10BDCC7-A320-434D-9176-2F0C1FC05909}.Release|x86.ActiveCfg = Release|Any CPU
		{F10BDCC7-A320-434D-9176-2F0C1FC05909}.Release|x86.Build.0 = Release|Any CPU
	EndGlobalSection
EndGlobal
