
Microsoft Visual Studio Solution File, Format Version 12.00
# Visual Studio Version 17
VisualStudioVersion = 17.2.32630.192
MinimumVisualStudioVersion = 10.0.40219.1
Project("{9A19103F-16F7-4668-BE54-9A1E7A4F7556}") = "R5T.T0010.Construction", "R5T.T0010.Construction\R5T.T0010.Construction.csproj", "{4A93804A-D467-431D-9885-F5ECEFDAADBA}"
EndProject
Project("{9A19103F-16F7-4668-BE54-9A1E7A4F7556}") = "R5T.T0010", "R5T.T0010\R5T.T0010.csproj", "{F10BDCC7-A320-434D-9176-2F0C1FC05909}"
EndProject
Project("{2150E333-8FDC-42A3-9474-1A3956D46DE8}") = "_Dependencies", "_Dependencies", "{1141F462-FD84-4E08-BB4E-3E5D8AAA8EB1}"
EndProject
Project("{9A19103F-16F7-4668-BE54-9A1E7A4F7556}") = "R5T.Stagira", "..\..\R5T.Stagira\source\R5T.Stagira\R5T.Stagira.csproj", "{1916813C-AA29-477C-8425-EDE5C4F33127}"
EndProject
Project("{9A19103F-16F7-4668-BE54-9A1E7A4F7556}") = "R5T.Magyar", "..\..\R5T.Magyar\source\R5T.Magyar\R5T.Magyar.csproj", "{ECD997E6-0E1E-420C-A6E4-541D3F3492D3}"
EndProject
Project("{9A19103F-16F7-4668-BE54-9A1E7A4F7556}") = "R5T.T0150", "..\..\R5T.T0150\source\R5T.T0150\R5T.T0150.csproj", "{789AE5D3-45FC-482D-B2B6-24267992BB50}"
EndProject
Project("{9A19103F-16F7-4668-BE54-9A1E7A4F7556}") = "R5T.T0142", "..\..\R5T.T0142\source\R5T.T0142\R5T.T0142.csproj", "{967E627C-5CA2-44EA-97B9-1800D737DB55}"
EndProject
Global
	GlobalSection(SolutionConfigurationPlatforms) = preSolution
		Debug|Any CPU = Debug|Any CPU
		Debug|x64 = Debug|x64
		Debug|x86 = Debug|x86
		Release|Any CPU = Release|Any CPU
		Release|x64 = Release|x64
		Release|x86 = Release|x86
	EndGlobalSection
	GlobalSection(ProjectConfigurationPlatforms) = postSolution
		{4A93804A-D467-431D-9885-F5ECEFDAADBA}.Debug|Any CPU.ActiveCfg = Debug|Any CPU
		{4A93804A-D467-431D-9885-F5ECEFDAADBA}.Debug|Any CPU.Build.0 = Debug|Any CPU
		{4A93804A-D467-431D-9885-F5ECEFDAADBA}.Debug|x64.ActiveCfg = Debug|Any CPU
		{4A93804A-D467-431D-9885-F5ECEFDAADBA}.Debug|x64.Build.0 = Debug|Any CPU
		{4A93804A-D467-431D-9885-F5ECEFDAADBA}.Debug|x86.ActiveCfg = Debug|Any CPU
		{4A93804A-D467-431D-9885-F5ECEFDAADBA}.Debug|x86.Build.0 = Debug|Any CPU
		{4A93804A-D467-431D-9885-F5ECEFDAADBA}.Release|Any CPU.ActiveCfg = Release|Any CPU
		{4A93804A-D467-431D-9885-F5ECEFDAADBA}.Release|Any CPU.Build.0 = Release|Any CPU
		{4A93804A-D467-431D-9885-F5ECEFDAADBA}.Release|x64.ActiveCfg = Release|Any CPU
		{4A93804A-D467-431D-9885-F5ECEFDAADBA}.Release|x64.Build.0 = Release|Any CPU
		{4A93804A-D467-431D-9885-F5ECEFDAADBA}.Release|x86.ActiveCfg = Release|Any CPU
		{4A93804A-D467-431D-9885-F5ECEFDAADBA}.Release|x86.Build.0 = Release|Any CPU
		{F10BDCC7-A320-434D-9176-2F0C1FC05909}.Debug|Any CPU.ActiveCfg = Debug|Any CPU
		{F10BDCC7-A320-434D-9176-2F0C1FC05909}.Debug|Any CPU.Build.0 = Debug|Any CPU
		{F10BDCC7-A320-434D-9176-2F0C1FC05909}.Debug|x64.ActiveCfg = Debug|Any CPU
		{F10BDCC7-A320-434D-9176-2F0C1FC05909}.Debug|x64.Build.0 = Debug|Any CPU
		{F10BDCC7-A320-434D-9176-2F0C1FC05909}.Debug|x86.ActiveCfg = Debug|Any CPU
		{F10BDCC7-A320-434D-9176-2F0C1FC05909}.Debug|x86.Build.0 = Debug|Any CPU
		{F10BDCC7-A320-434D-9176-2F0C1FC05909}.Release|Any CPU.ActiveCfg = Release|Any CPU
		{F10BDCC7-A320-434D-9176-2F0C1FC05909}.Release|Any CPU.Build.0 = Release|Any CPU
		{F10BDCC7-A320-434D-9176-2F0C1FC05909}.Release|x64.ActiveCfg = Release|Any CPU
		{F10BDCC7-A320-434D-9176-2F0C1FC05909}.Release|x64.Build.0 = Release|Any CPU
		{F10BDCC7-A320-434D-9176-2F0C1FC05909}.Release|x86.ActiveCfg = Release|Any CPU
		{F10BDCC7-A320-434D-9176-2F0C1FC05909}.Release|x86.Build.0 = Release|Any CPU
		{1916813C-AA29-477C-8425-EDE5C4F33127}.Debug|Any CPU.ActiveCfg = Debug|Any CPU
		{1916813C-AA29-477C-8425-EDE5C4F33127}.Debug|Any CPU.Build.0 = Debug|Any CPU
		{1916813C-AA29-477C-8425-EDE5C4F33127}.Debug|x64.ActiveCfg = Debug|Any CPU
		{1916813C-AA29-477C-8425-EDE5C4F33127}.Debug|x64.Build.0 = Debug|Any CPU
		{1916813C-AA29-477C-8425-EDE5C4F33127}.Debug|x86.ActiveCfg = Debug|Any CPU
		{1916813C-AA29-477C-8425-EDE5C4F33127}.Debug|x86.Build.0 = Debug|Any CPU
		{1916813C-AA29-477C-8425-EDE5C4F33127}.Release|Any CPU.ActiveCfg = Release|Any CPU
		{1916813C-AA29-477C-8425-EDE5C4F33127}.Release|Any CPU.Build.0 = Release|Any CPU
		{1916813C-AA29-477C-8425-EDE5C4F33127}.Release|x64.ActiveCfg = Release|Any CPU
		{1916813C-AA29-477C-8425-EDE5C4F33127}.Release|x64.Build.0 = Release|Any CPU
		{1916813C-AA29-477C-8425-EDE5C4F33127}.Release|x86.ActiveCfg = Release|Any CPU
		{1916813C-AA29-477C-8425-EDE5C4F33127}.Release|x86.Build.0 = Release|Any CPU
		{ECD997E6-0E1E-420C-A6E4-541D3F3492D3}.Debug|Any CPU.ActiveCfg = Debug|Any CPU
		{ECD997E6-0E1E-420C-A6E4-541D3F3492D3}.Debug|Any CPU.Build.0 = Debug|Any CPU
		{ECD997E6-0E1E-420C-A6E4-541D3F3492D3}.Debug|x64.ActiveCfg = Debug|Any CPU
		{ECD997E6-0E1E-420C-A6E4-541D3F3492D3}.Debug|x64.Build.0 = Debug|Any CPU
		{ECD997E6-0E1E-420C-A6E4-541D3F3492D3}.Debug|x86.ActiveCfg = Debug|Any CPU
		{ECD997E6-0E1E-420C-A6E4-541D3F3492D3}.Debug|x86.Build.0 = Debug|Any CPU
		{ECD997E6-0E1E-420C-A6E4-541D3F3492D3}.Release|Any CPU.ActiveCfg = Release|Any CPU
		{ECD997E6-0E1E-420C-A6E4-541D3F3492D3}.Release|Any CPU.Build.0 = Release|Any CPU
		{ECD997E6-0E1E-420C-A6E4-541D3F3492D3}.Release|x64.ActiveCfg = Release|Any CPU
		{ECD997E6-0E1E-420C-A6E4-541D3F3492D3}.Release|x64.Build.0 = Release|Any CPU
		{ECD997E6-0E1E-420C-A6E4-541D3F3492D3}.Release|x86.ActiveCfg = Release|Any CPU
		{ECD997E6-0E1E-420C-A6E4-541D3F3492D3}.Release|x86.Build.0 = Release|Any CPU
		{789AE5D3-45FC-482D-B2B6-24267992BB50}.Debug|Any CPU.ActiveCfg = Debug|Any CPU
		{789AE5D3-45FC-482D-B2B6-24267992BB50}.Debug|Any CPU.Build.0 = Debug|Any CPU
		{789AE5D3-45FC-482D-B2B6-24267992BB50}.Debug|x64.ActiveCfg = Debug|Any CPU
		{789AE5D3-45FC-482D-B2B6-24267992BB50}.Debug|x64.Build.0 = Debug|Any CPU
		{789AE5D3-45FC-482D-B2B6-24267992BB50}.Debug|x86.ActiveCfg = Debug|Any CPU
		{789AE5D3-45FC-482D-B2B6-24267992BB50}.Debug|x86.Build.0 = Debug|Any CPU
		{789AE5D3-45FC-482D-B2B6-24267992BB50}.Release|Any CPU.ActiveCfg = Release|Any CPU
		{789AE5D3-45FC-482D-B2B6-24267992BB50}.Release|Any CPU.Build.0 = Release|Any CPU
		{789AE5D3-45FC-482D-B2B6-24267992BB50}.Release|x64.ActiveCfg = Release|Any CPU
		{789AE5D3-45FC-482D-B2B6-24267992BB50}.Release|x64.Build.0 = Release|Any CPU
		{789AE5D3-45FC-482D-B2B6-24267992BB50}.Release|x86.ActiveCfg = Release|Any CPU
		{789AE5D3-45FC-482D-B2B6-24267992BB50}.Release|x86.Build.0 = Release|Any CPU
		{967E627C-5CA2-44EA-97B9-1800D737DB55}.Debug|Any CPU.ActiveCfg = Debug|Any CPU
		{967E627C-5CA2-44EA-97B9-1800D737DB55}.Debug|Any CPU.Build.0 = Debug|Any CPU
		{967E627C-5CA2-44EA-97B9-1800D737DB55}.Debug|x64.ActiveCfg = Debug|Any CPU
		{967E627C-5CA2-44EA-97B9-1800D737DB55}.Debug|x64.Build.0 = Debug|Any CPU
		{967E627C-5CA2-44EA-97B9-1800D737DB55}.Debug|x86.ActiveCfg = Debug|Any CPU
		{967E627C-5CA2-44EA-97B9-1800D737DB55}.Debug|x86.Build.0 = Debug|Any CPU
		{967E627C-5CA2-44EA-97B9-1800D737DB55}.Release|Any CPU.ActiveCfg = Release|Any CPU
		{967E627C-5CA2-44EA-97B9-1800D737DB55}.Release|Any CPU.Build.0 = Release|Any CPU
		{967E627C-5CA2-44EA-97B9-1800D737DB55}.Release|x64.ActiveCfg = Release|Any CPU
		{967E627C-5CA2-44EA-97B9-1800D737DB55}.Release|x64.Build.0 = Release|Any CPU
		{967E627C-5CA2-44EA-97B9-1800D737DB55}.Release|x86.ActiveCfg = Release|Any CPU
		{967E627C-5CA2-44EA-97B9-1800D737DB55}.Release|x86.Build.0 = Release|Any CPU
	EndGlobalSection
	GlobalSection(SolutionProperties) = preSolution
		HideSolutionNode = FALSE
	EndGlobalSection
	GlobalSection(NestedProjects) = preSolution
		{1916813C-AA29-477C-8425-EDE5C4F33127} = {1141F462-FD84-4E08-BB4E-3E5D8AAA8EB1}
		{ECD997E6-0E1E-420C-A6E4-541D3F3492D3} = {1141F462-FD84-4E08-BB4E-3E5D8AAA8EB1}
		{789AE5D3-45FC-482D-B2B6-24267992BB50} = {1141F462-FD84-4E08-BB4E-3E5D8AAA8EB1}
		{967E627C-5CA2-44EA-97B9-1800D737DB55} = {1141F462-FD84-4E08-BB4E-3E5D8AAA8EB1}
	EndGlobalSection
	GlobalSection(ExtensibilityGlobals) = postSolution
		SolutionGuid = {B076D798-C245-4A91-A500-6171DC74F8F4}
	EndGlobalSection
EndGlobal
